
Microsoft Visual Studio Solution File, Format Version 12.00
# Visual Studio Version 16
VisualStudioVersion = 16.0.30523.141
MinimumVisualStudioVersion = 10.0.40219.1
Project("{FAE04EC0-301F-11D3-BF4B-00C04F79EFBC}") = "loginregistrationform", "loginregistrationform\loginregistrationform.csproj", "{6A83653C-AE34-4F1D-9F8A-09A5A6FE95EF}"
EndProject
Global
	GlobalSection(SolutionConfigurationPlatforms) = preSolution
		Debug|Any CPU = Debug|Any CPU
		Release|Any CPU = Release|Any CPU
	EndGlobalSection
	GlobalSection(ProjectConfigurationPlatforms) = postSolution
		{6A83653C-AE34-4F1D-9F8A-09A5A6FE95EF}.Debug|Any CPU.ActiveCfg = Debug|Any CPU
		{6A83653C-AE34-4F1D-9F8A-09A5A6FE95EF}.Debug|Any CPU.Build.0 = Debug|Any CPU
		{6A83653C-AE34-4F1D-9F8A-09A5A6FE95EF}.Release|Any CPU.ActiveCfg = Release|Any CPU
		{6A83653C-AE34-4F1D-9F8A-09A5A6FE95EF}.Release|Any CPU.Build.0 = Release|Any CPU
	EndGlobalSection
	GlobalSection(SolutionProperties) = preSolution
		HideSolutionNode = FALSE
	EndGlobalSection
	GlobalSection(ExtensibilityGlobals) = postSolution
		SolutionGuid = {166B0A23-3DFC-4779-A5AA-190271A15063}
	EndGlobalSection
EndGlobal
